{
  "name": "agent-repl-proto-tooling",
  "lockfileVersion": 3,
  "requires": true,
  "packages": {
    "": {
      "name": "agent-repl-proto-tooling",
      "devDependencies": {
        "@bufbuild/protoc-gen-es": "2.14.1"
      }
    },
    "node_modules/@bufbuild/protobuf": {
      "version": "2.14.1",
      "resolved": "https://registry.npmjs.org/@bufbuild/protobuf/-/protobuf-2.14.1.tgz",
      "integrity": "sha512-agRJn3+EJDUe8AvxTx/LnHA/GErvLE62pSaSk7+MwFOtOv8eWBu/qCq2qoZjBjVZ3C2aiFJCveuSs17KMkYGOw==",
      "dev": true,
      "license": "(Apache-2.0 AND BSD-3-Clause)"
    },
    "node_modules/@bufbuild/protoc-gen-es": {
      "version": "2.14.1",
      "resolved": "https://registry.npmjs.org/@bufbuild/protoc-gen-es/-/protoc-gen-es-2.14.1.tgz",
      "integrity": "sha512-agiGxvA1VAzWPdtOiktK39BNvGgHc1jHBCI1XYQtCQDSpt/5pZ7jTRGKv0fYzExbovDVu+yxJq4Srpv8zCIvUQ==",
      "dev": true,
      "license": "Apache-2.0",
      "dependencies": {
        "@bufbuild/protobuf": "2.14.1",
        "@bufbuild/protoplugin": "2.14.1"
      },
      "bin": {
        "protoc-gen-es": "bin/protoc-gen-es"
      },
      "engines": {
        "node": ">=22"
      },
      "peerDependencies": {
        "@bufbuild/protobuf": "2.14.1"
      },
      "peerDependenciesMeta": {
        "@bufbuild/protobuf": {
          "optional": true
        }
      }
    },
    "node_modules/@bufbuild/protoplugin": {
      "version": "2.14.1",
      "resolved": "https://registry.npmjs.org/@bufbuild/protoplugin/-/protoplugin-2.14.1.tgz",
      "integrity": "sha512-oddqHkmUlBSo1TgswPW6hzrP/3nxMIdKUMcB6/NSY/oUkepDV7SealCZlE0ZxhLRIgmvDSuNWOb0HEKfsWPJww==",
      "dev": true,
      "license": "Apache-2.0",
      "dependencies": {
        "@bufbuild/protobuf": "2.14.1",
        "@typescript/vfs": "^1.6.2",
        "typescript": "5.4.5"
      }
    },
    "node_modules/@typescript/vfs": {
      "version": "1.6.5",
      "resolved": "https://registry.npmjs.org/@typescript/vfs/-/vfs-1.6.5.tgz",
      "integrity": "sha512-gobLHQLmvQGJInFk31NvgMd1uYzRXsd8qgnOssyLD055R2QPnw1ubRbBQ4+T+5qC7IQVuYXdvNDE2G7tMDVHgw==",
      "dev": true,
      "license": "MIT",
      "dependencies": {
        "debug": "^4.4.3"
      },
      "peerDependencies": {
        "typescript": "*"
      }
    },
    "node_modules/debug": {
      "version": "4.4.3",
      "resolved": "https://registry.npmjs.org/debug/-/debug-4.4.3.tgz",
      "integrity": "sha512-RGwwWnwQvkVfavKVt22FGLw+xYSdzARwm0ru6DhTVA3umU5hZc28V3kO4stgYryrTlLpuvgI9GiijltAjNbcqA==",
      "dev": true,
      "license": "MIT",
      "dependencies": {
        "ms": "^2.1.3"
      },
      "engines": {
        "node": ">=6.0"
      },
      "peerDependenciesMeta": {
        "supports-color": {
          "optional": true
        }
      }
    },
    "node_modules/ms": {
      "version": "2.1.3",
      "resolved": "https://registry.npmjs.org/ms/-/ms-2.1.3.tgz",
      "integrity": "sha512-6FlzubTLZG3J2a/NVCAleEhjzq5oxgHyaCU9yYXvcLsvoVaHJq/s5xXI6/XXP6tz7R9xAOtHnSO/tXtF3WRTlA==",
      "dev": true,
      "license": "MIT"
    },
    "node_modules/typescript": {
      "version": "5.4.5",
      "resolved": "https://registry.npmjs.org/typescript/-/typescript-5.4.5.tgz",
      "integrity": "sha512-vcI4UpRgg81oIRUFwR0WSIHKt11nJ7SAVlYNIu+QpqeyXP+gpQJy/Z4+F0aGxSE4MqwjyXvW/TzgkLAx2AGHwQ==",
      "dev": true,
      "license": "Apache-2.0",
      "bin": {
        "tsc": "bin/tsc",
        "tsserver": "bin/tsserver"
      },
      "engines": {
        "node": ">=14.17"
      }
    }
  }
}
